
Microsoft Visual Studio Solution File, Format Version 12.00
# Visual Studio 15
VisualStudioVersion = 15.0.28307.271
MinimumVisualStudioVersion = 10.0.40219.1
Project("{9A19103F-16F7-4668-BE54-9A1E7A4F7556}") = "Matrizes", "Matrizes\Matrizes.csproj", "{EEBEFFF5-AC31-4BFC-9CEE-703B4405F293}"
EndProject
Project("{FAE04EC0-301F-11D3-BF4B-00C04F79EFBC}") = "TesterOpMatriz", "TesterOpMatriz\TesterOpMatriz.csproj", "{A68637A9-F20C-40AE-9EF9-23BFF4B7C2D2}"
EndProject
Global
	GlobalSection(SolutionConfigurationPlatforms) = preSolution
		Debug|Any CPU = Debug|Any CPU
		Release|Any CPU = Release|Any CPU
	EndGlobalSection
	GlobalSection(ProjectConfigurationPlatforms) = postSolution
		{EEBEFFF5-AC31-4BFC-9CEE-703B4405F293}.Debug|Any CPU.ActiveCfg = Debug|Any CPU
		{EEBEFFF5-AC31-4BFC-9CEE-703B4405F293}.Debug|Any CPU.Build.0 = Debug|Any CPU
		{EEBEFFF5-AC31-4BFC-9CEE-703B4405F293}.Release|Any CPU.ActiveCfg = Release|Any CPU
		{EEBEFFF5-AC31-4BFC-9CEE-703B4405F293}.Release|Any CPU.Build.0 = Release|Any CPU
		{A68637A9-F20C-40AE-9EF9-23BFF4B7C2D2}.Debug|Any CPU.ActiveCfg = Debug|Any CPU
		{A68637A9-F20C-40AE-9EF9-23BFF4B7C2D2}.Debug|Any CPU.Build.0 = Debug|Any CPU
		{A68637A9-F20C-40AE-9EF9-23BFF4B7C2D2}.Release|Any CPU.ActiveCfg = Release|Any CPU
		{A68637A9-F20C-40AE-9EF9-23BFF4B7C2D2}.Release|Any CPU.Build.0 = Release|Any CPU
	EndGlobalSection
	GlobalSection(SolutionProperties) = preSolution
		HideSolutionNode = FALSE
	EndGlobalSection
	GlobalSection(ExtensibilityGlobals) = postSolution
		SolutionGuid = {DF31E07F-22C0-40F7-AD0B-5F7287B48694}
	EndGlobalSection
EndGlobal
